// !$*UTF8*$!
{
	archiveVersion = 1;
	classes = {
	};
	objectVersion = 56;
	objects = {

/* Begin PBXBuildFile section */
		961FA4012A8B859300D2DF8F /* TaskCollectionCell.swift in Sources */ = {isa = PBXBuildFile; fileRef = 961FA3FF2A8B859300D2DF8F /* TaskCollectionCell.swift */; };
		961FA4022A8B859300D2DF8F /* TaskItem.swift in Sources */ = {isa = PBXBuildFile; fileRef = 961FA4002A8B859300D2DF8F /* TaskItem.swift */; };
		961FA4182A8B85C300D2DF8F /* CompactControllerViewController.swift in Sources */ = {isa = PBXBuildFile; fileRef = 961FA4052A8B85C300D2DF8F /* CompactControllerViewController.swift */; };
		961FA4192A8B85C300D2DF8F /* PopoverViewController.swift in Sources */ = {isa = PBXBuildFile; fileRef = 961FA4062A8B85C300D2DF8F /* PopoverViewController.swift */; };
		961FA41A2A8B85C300D2DF8F /* GradientAndShadowViewController.swift in Sources */ = {isa = PBXBuildFile; fileRef = 961FA4082A8B85C300D2DF8F /* GradientAndShadowViewController.swift */; };
		961FA41B2A8B85C300D2DF8F /* CustomButton.swift in Sources */ = {isa = PBXBuildFile; fileRef = 961FA40A2A8B85C300D2DF8F /* CustomButton.swift */; };
		961FA41C2A8B85C300D2DF8F /* ThreeButtonsViewController.swift in Sources */ = {isa = PBXBuildFile; fileRef = 961FA40B2A8B85C300D2DF8F /* ThreeButtonsViewController.swift */; };
		961FA41D2A8B85C300D2DF8F /* InertialSquareViewController.swift in Sources */ = {isa = PBXBuildFile; fileRef = 961FA40D2A8B85C300D2DF8F /* InertialSquareViewController.swift */; };
		961FA41E2A8B85C300D2DF8F /* StretchingPictureViewController.swift in Sources */ = {isa = PBXBuildFile; fileRef = 961FA40F2A8B85C300D2DF8F /* StretchingPictureViewController.swift */; };
		961FA41F2A8B85C300D2DF8F /* CaringCollectionViewController.swift in Sources */ = {isa = PBXBuildFile; fileRef = 961FA4112A8B85C300D2DF8F /* CaringCollectionViewController.swift */; };
		961FA4202A8B85C300D2DF8F /* MixerTableViewController.swift in Sources */ = {isa = PBXBuildFile; fileRef = 961FA4132A8B85C300D2DF8F /* MixerTableViewController.swift */; };
		961FA4212A8B85C300D2DF8F /* RelatedAnimationViewController.swift in Sources */ = {isa = PBXBuildFile; fileRef = 961FA4152A8B85C300D2DF8F /* RelatedAnimationViewController.swift */; };
		961FA4222A8B85C300D2DF8F /* NativeAvatarViewController.swift in Sources */ = {isa = PBXBuildFile; fileRef = 961FA4172A8B85C300D2DF8F /* NativeAvatarViewController.swift */; };
		961FA4242A8B85D900D2DF8F /* RootCoordinator.swift in Sources */ = {isa = PBXBuildFile; fileRef = 961FA4232A8B85D900D2DF8F /* RootCoordinator.swift */; };
		961FA4272A8B85E400D2DF8F /* UIColor.swift in Sources */ = {isa = PBXBuildFile; fileRef = 961FA4262A8B85E400D2DF8F /* UIColor.swift */; };
		961FA42C2A8B85F700D2DF8F /* RootViewController.swift in Sources */ = {isa = PBXBuildFile; fileRef = 961FA4292A8B85F700D2DF8F /* RootViewController.swift */; };
		961FA42D2A8B85F700D2DF8F /* RootViewModel.swift in Sources */ = {isa = PBXBuildFile; fileRef = 961FA42A2A8B85F700D2DF8F /* RootViewModel.swift */; };
		961FA42E2A8B85F700D2DF8F /* HeaderRootView.swift in Sources */ = {isa = PBXBuildFile; fileRef = 961FA42B2A8B85F700D2DF8F /* HeaderRootView.swift */; };
		966524842A890D2500F17F24 /* AppDelegate.swift in Sources */ = {isa = PBXBuildFile; fileRef = 966524832A890D2500F17F24 /* AppDelegate.swift */; };
		966524862A890D2500F17F24 /* SceneDelegate.swift in Sources */ = {isa = PBXBuildFile; fileRef = 966524852A890D2500F17F24 /* SceneDelegate.swift */; };
		9665248D2A890D2700F17F24 /* Assets.xcassets in Resources */ = {isa = PBXBuildFile; fileRef = 9665248C2A890D2700F17F24 /* Assets.xcassets */; };
		966524902A890D2700F17F24 /* LaunchScreen.storyboard in Resources */ = {isa = PBXBuildFile; fileRef = 9665248E2A890D2700F17F24 /* LaunchScreen.storyboard */; };
/* End PBXBuildFile section */

/* Begin PBXFileReference section */
		961FA3FF2A8B859300D2DF8F /* TaskCollectionCell.swift */ = {isa = PBXFileReference; fileEncoding = 4; lastKnownFileType = sourcecode.swift; path = TaskCollectionCell.swift; sourceTree = "<group>"; };
		961FA4002A8B859300D2DF8F /* TaskItem.swift */ = {isa = PBXFileReference; fileEncoding = 4; lastKnownFileType = sourcecode.swift; path = TaskItem.swift; sourceTree = "<group>"; };
		961FA4052A8B85C300D2DF8F /* CompactControllerViewController.swift */ = {isa = PBXFileReference; fileEncoding = 4; lastKnownFileType = sourcecode.swift; path = CompactControllerViewController.swift; sourceTree = "<group>"; };
		961FA4062A8B85C300D2DF8F /* PopoverViewController.swift */ = {isa = PBXFileReference; fileEncoding = 4; lastKnownFileType = sourcecode.swift; path = PopoverViewController.swift; sourceTree = "<group>"; };
		961FA4082A8B85C300D2DF8F /* GradientAndShadowViewController.swift */ = {isa = PBXFileReference; fileEncoding = 4; lastKnownFileType = sourcecode.swift; path = GradientAndShadowViewController.swift; sourceTree = "<group>"; };
		961FA40A2A8B85C300D2DF8F /* CustomButton.swift */ = {isa = PBXFileReference; fileEncoding = 4; lastKnownFileType = sourcecode.swift; path = CustomButton.swift; sourceTree = "<group>"; };
		961FA40B2A8B85C300D2DF8F /* ThreeButtonsViewController.swift */ = {isa = PBXFileReference; fileEncoding = 4; lastKnownFileType = sourcecode.swift; path = ThreeButtonsViewController.swift; sourceTree = "<group>"; };
		961FA40D2A8B85C300D2DF8F /* InertialSquareViewController.swift */ = {isa = PBXFileReference; fileEncoding = 4; lastKnownFileType = sourcecode.swift; path = InertialSquareViewController.swift; sourceTree = "<group>"; };
		961FA40F2A8B85C300D2DF8F /* StretchingPictureViewController.swift */ = {isa = PBXFileReference; fileEncoding = 4; lastKnownFileType = sourcecode.swift; path = StretchingPictureViewController.swift; sourceTree = "<group>"; };
		961FA4112A8B85C300D2DF8F /* CaringCollectionViewController.swift */ = {isa = PBXFileReference; fileEncoding = 4; lastKnownFileType = sourcecode.swift; path = CaringCollectionViewController.swift; sourceTree = "<group>"; };
		961FA4132A8B85C300D2DF8F /* MixerTableViewController.swift */ = {isa = PBXFileReference; fileEncoding = 4; lastKnownFileType = sourcecode.swift; path = MixerTableViewController.swift; sourceTree = "<group>"; };
		961FA4152A8B85C300D2DF8F /* RelatedAnimationViewController.swift */ = {isa = PBXFileReference; fileEncoding = 4; lastKnownFileType = sourcecode.swift; path = RelatedAnimationViewController.swift; sourceTree = "<group>"; };
		961FA4172A8B85C300D2DF8F /* NativeAvatarViewController.swift */ = {isa = PBXFileReference; fileEncoding = 4; lastKnownFileType = sourcecode.swift; path = NativeAvatarViewController.swift; sourceTree = "<group>"; };
		961FA4232A8B85D900D2DF8F /* RootCoordinator.swift */ = {isa = PBXFileReference; fileEncoding = 4; lastKnownFileType = sourcecode.swift; path = RootCoordinator.swift; sourceTree = "<group>"; };
		961FA4262A8B85E400D2DF8F /* UIColor.swift */ = {isa = PBXFileReference; fileEncoding = 4; lastKnownFileType = sourcecode.swift; path = UIColor.swift; sourceTree = "<group>"; };
		961FA4292A8B85F700D2DF8F /* RootViewController.swift */ = {isa = PBXFileReference; fileEncoding = 4; lastKnownFileType = sourcecode.swift; path = RootViewController.swift; sourceTree = "<group>"; };
		961FA42A2A8B85F700D2DF8F /* RootViewModel.swift */ = {isa = PBXFileReference; fileEncoding = 4; lastKnownFileType = sourcecode.swift; path = RootViewModel.swift; sourceTree = "<group>"; };
		961FA42B2A8B85F700D2DF8F /* HeaderRootView.swift */ = {isa = PBXFileReference; fileEncoding = 4; lastKnownFileType = sourcecode.swift; path = HeaderRootView.swift; sourceTree = "<group>"; };
		966524802A890D2500F17F24 /* UIKit-Marathon.app */ = {isa = PBXFileReference; explicitFileType = wrapper.application; includeInIndex = 0; path = "UIKit-Marathon.app"; sourceTree = BUILT_PRODUCTS_DIR; };
		966524832A890D2500F17F24 /* AppDelegate.swift */ = {isa = PBXFileReference; lastKnownFileType = sourcecode.swift; path = AppDelegate.swift; sourceTree = "<group>"; };
		966524852A890D2500F17F24 /* SceneDelegate.swift */ = {isa = PBXFileReference; lastKnownFileType = sourcecode.swift; path = SceneDelegate.swift; sourceTree = "<group>"; };
		9665248C2A890D2700F17F24 /* Assets.xcassets */ = {isa = PBXFileReference; lastKnownFileType = folder.assetcatalog; path = Assets.xcassets; sourceTree = "<group>"; };
		9665248F2A890D2700F17F24 /* Base */ = {isa = PBXFileReference; lastKnownFileType = file.storyboard; name = Base; path = Base.lproj/LaunchScreen.storyboard; sourceTree = "<group>"; };
		966524912A890D2700F17F24 /* Info.plist */ = {isa = PBXFileReference; lastKnownFileType = text.plist.xml; path = Info.plist; sourceTree = "<group>"; };
/* End PBXFileReference section */

/* Begin PBXFrameworksBuildPhase section */
		9665247D2A890D2500F17F24 /* Frameworks */ = {
			isa = PBXFrameworksBuildPhase;
			buildActionMask = 2147483647;
			files = (
			);
			runOnlyForDeploymentPostprocessing = 0;
		};
/* End PBXFrameworksBuildPhase section */

/* Begin PBXGroup section */
		961FA3FE2A8B859300D2DF8F /* Collection */ = {
			isa = PBXGroup;
			children = (
				961FA3FF2A8B859300D2DF8F /* TaskCollectionCell.swift */,
				961FA4002A8B859300D2DF8F /* TaskItem.swift */,
			);
			path = Collection;
			sourceTree = "<group>";
		};
		961FA4032A8B85C300D2DF8F /* TaskViewControllers */ = {
			isa = PBXGroup;
			children = (
				961FA4042A8B85C300D2DF8F /* CompactController */,
				961FA4072A8B85C300D2DF8F /* GradientAndShadow */,
				961FA4092A8B85C300D2DF8F /* ThreeButtons */,
				961FA40C2A8B85C300D2DF8F /* InertialSquare */,
				961FA40E2A8B85C300D2DF8F /* StretchingPicture */,
				961FA4102A8B85C300D2DF8F /* CaringCollection */,
				961FA4122A8B85C300D2DF8F /* MixerTable */,
				961FA4142A8B85C300D2DF8F /* RelatedAnimation */,
				961FA4162A8B85C300D2DF8F /* NativeAvatar */,
			);
			path = TaskViewControllers;
			sourceTree = "<group>";
		};
		961FA4042A8B85C300D2DF8F /* CompactController */ = {
			isa = PBXGroup;
			children = (
				961FA4052A8B85C300D2DF8F /* CompactControllerViewController.swift */,
				961FA4062A8B85C300D2DF8F /* PopoverViewController.swift */,
			);
			path = CompactController;
			sourceTree = "<group>";
		};
		961FA4072A8B85C300D2DF8F /* GradientAndShadow */ = {
			isa = PBXGroup;
			children = (
				961FA4082A8B85C300D2DF8F /* GradientAndShadowViewController.swift */,
			);
			path = GradientAndShadow;
			sourceTree = "<group>";
		};
		961FA4092A8B85C300D2DF8F /* ThreeButtons */ = {
			isa = PBXGroup;
			children = (
				961FA40A2A8B85C300D2DF8F /* CustomButton.swift */,
				961FA40B2A8B85C300D2DF8F /* ThreeButtonsViewController.swift */,
			);
			path = ThreeButtons;
			sourceTree = "<group>";
		};
		961FA40C2A8B85C300D2DF8F /* InertialSquare */ = {
			isa = PBXGroup;
			children = (
				961FA40D2A8B85C300D2DF8F /* InertialSquareViewController.swift */,
			);
			path = InertialSquare;
			sourceTree = "<group>";
		};
		961FA40E2A8B85C300D2DF8F /* StretchingPicture */ = {
			isa = PBXGroup;
			children = (
				961FA40F2A8B85C300D2DF8F /* StretchingPictureViewController.swift */,
			);
			path = StretchingPicture;
			sourceTree = "<group>";
		};
		961FA4102A8B85C300D2DF8F /* CaringCollection */ = {
			isa = PBXGroup;
			children = (
				961FA4112A8B85C300D2DF8F /* CaringCollectionViewController.swift */,
			);
			path = CaringCollection;
			sourceTree = "<group>";
		};
		961FA4122A8B85C300D2DF8F /* MixerTable */ = {
			isa = PBXGroup;
			children = (
				961FA4132A8B85C300D2DF8F /* MixerTableViewController.swift */,
			);
			path = MixerTable;
			sourceTree = "<group>";
		};
		961FA4142A8B85C300D2DF8F /* RelatedAnimation */ = {
			isa = PBXGroup;
			children = (
				961FA4152A8B85C300D2DF8F /* RelatedAnimationViewController.swift */,
			);
			path = RelatedAnimation;
			sourceTree = "<group>";
		};
		961FA4162A8B85C300D2DF8F /* NativeAvatar */ = {
			isa = PBXGroup;
			children = (
				961FA4172A8B85C300D2DF8F /* NativeAvatarViewController.swift */,
			);
			path = NativeAvatar;
			sourceTree = "<group>";
		};
		961FA4252A8B85E400D2DF8F /* Extensions */ = {
			isa = PBXGroup;
			children = (
				961FA4262A8B85E400D2DF8F /* UIColor.swift */,
			);
			path = Extensions;
			sourceTree = "<group>";
		};
		961FA4282A8B85F700D2DF8F /* RootView */ = {
			isa = PBXGroup;
			children = (
				961FA4292A8B85F700D2DF8F /* RootViewController.swift */,
				961FA42A2A8B85F700D2DF8F /* RootViewModel.swift */,
				961FA42B2A8B85F700D2DF8F /* HeaderRootView.swift */,
			);
			path = RootView;
			sourceTree = "<group>";
		};
		966524772A890D2500F17F24 = {
			isa = PBXGroup;
			children = (
				966524822A890D2500F17F24 /* UIKit-Marathon */,
				966524812A890D2500F17F24 /* Products */,
			);
			sourceTree = "<group>";
		};
		966524812A890D2500F17F24 /* Products */ = {
			isa = PBXGroup;
			children = (
				966524802A890D2500F17F24 /* UIKit-Marathon.app */,
			);
			name = Products;
			sourceTree = "<group>";
		};
		966524822A890D2500F17F24 /* UIKit-Marathon */ = {
			isa = PBXGroup;
			children = (
				961FA4252A8B85E400D2DF8F /* Extensions */,
				9665248C2A890D2700F17F24 /* Assets.xcassets */,
				966524832A890D2500F17F24 /* AppDelegate.swift */,
				966524852A890D2500F17F24 /* SceneDelegate.swift */,
				961FA4232A8B85D900D2DF8F /* RootCoordinator.swift */,
				961FA3FE2A8B859300D2DF8F /* Collection */,
				961FA4282A8B85F700D2DF8F /* RootView */,
				961FA4032A8B85C300D2DF8F /* TaskViewControllers */,
				9665248E2A890D2700F17F24 /* LaunchScreen.storyboard */,
				966524912A890D2700F17F24 /* Info.plist */,
			);
			path = "UIKit-Marathon";
			sourceTree = "<group>";
		};
/* End PBXGroup section */

/* Begin PBXNativeTarget section */
		9665247F2A890D2500F17F24 /* UIKit-Marathon */ = {
			isa = PBXNativeTarget;
			buildConfigurationList = 966524942A890D2700F17F24 /* Build configuration list for PBXNativeTarget "UIKit-Marathon" */;
			buildPhases = (
				9665247C2A890D2500F17F24 /* Sources */,
				9665247D2A890D2500F17F24 /* Frameworks */,
				9665247E2A890D2500F17F24 /* Resources */,
				961FA42F2A8B86D100D2DF8F /* ShellScript */,
			);
			buildRules = (
			);
			dependencies = (
			);
			name = "UIKit-Marathon";
			productName = "UIKit-Marathon";
			productReference = 966524802A890D2500F17F24 /* UIKit-Marathon.app */;
			productType = "com.apple.product-type.application";
		};
/* End PBXNativeTarget section */

/* Begin PBXProject section */
		966524782A890D2500F17F24 /* Project object */ = {
			isa = PBXProject;
			attributes = {
				BuildIndependentTargetsInParallel = 1;
				LastSwiftUpdateCheck = 1410;
				LastUpgradeCheck = 1410;
				TargetAttributes = {
					9665247F2A890D2500F17F24 = {
						CreatedOnToolsVersion = 14.1;
					};
				};
			};
			buildConfigurationList = 9665247B2A890D2500F17F24 /* Build configuration list for PBXProject "UIKit-Marathon" */;
			compatibilityVersion = "Xcode 14.0";
			developmentRegion = en;
			hasScannedForEncodings = 0;
			knownRegions = (
				en,
				Base,
			);
			mainGroup = 966524772A890D2500F17F24;
			productRefGroup = 966524812A890D2500F17F24 /* Products */;
			projectDirPath = "";
			projectRoot = "";
			targets = (
				9665247F2A890D2500F17F24 /* UIKit-Marathon */,
			);
		};
/* End PBXProject section */

/* Begin PBXResourcesBuildPhase section */
		9665247E2A890D2500F17F24 /* Resources */ = {
			isa = PBXResourcesBuildPhase;
			buildActionMask = 2147483647;
			files = (
				966524902A890D2700F17F24 /* LaunchScreen.storyboard in Resources */,
				9665248D2A890D2700F17F24 /* Assets.xcassets in Resources */,
			);
			runOnlyForDeploymentPostprocessing = 0;
		};
/* End PBXResourcesBuildPhase section */

/* Begin PBXShellScriptBuildPhase section */
		961FA42F2A8B86D100D2DF8F /* ShellScript */ = {
			isa = PBXShellScriptBuildPhase;
			buildActionMask = 2147483647;
			files = (
			);
			inputFileListPaths = (
			);
			inputPaths = (
			);
			outputFileListPaths = (
			);
			outputPaths = (
			);
			runOnlyForDeploymentPostprocessing = 0;
			shellPath = /bin/sh;
			shellScript = "if which swiftlint > /dev/null; then\n  swiftlint\nelse\n  echo \"warning: SwiftLint not installed, download from https://github.com/realm/SwiftLint\"\nfi\n";
		};
/* End PBXShellScriptBuildPhase section */

/* Begin PBXSourcesBuildPhase section */
		9665247C2A890D2500F17F24 /* Sources */ = {
			isa = PBXSourcesBuildPhase;
			buildActionMask = 2147483647;
			files = (
				961FA41C2A8B85C300D2DF8F /* ThreeButtonsViewController.swift in Sources */,
				961FA4202A8B85C300D2DF8F /* MixerTableViewController.swift in Sources */,
				961FA42C2A8B85F700D2DF8F /* RootViewController.swift in Sources */,
				961FA4222A8B85C300D2DF8F /* NativeAvatarViewController.swift in Sources */,
				961FA42D2A8B85F700D2DF8F /* RootViewModel.swift in Sources */,
				966524842A890D2500F17F24 /* AppDelegate.swift in Sources */,
				961FA41A2A8B85C300D2DF8F /* GradientAndShadowViewController.swift in Sources */,
				961FA42E2A8B85F700D2DF8F /* HeaderRootView.swift in Sources */,
				961FA4012A8B859300D2DF8F /* TaskCollectionCell.swift in Sources */,
				961FA4272A8B85E400D2DF8F /* UIColor.swift in Sources */,
				961FA4212A8B85C300D2DF8F /* RelatedAnimationViewController.swift in Sources */,
				966524862A890D2500F17F24 /* SceneDelegate.swift in Sources */,
				961FA4242A8B85D900D2DF8F /* RootCoordinator.swift in Sources */,
				961FA41B2A8B85C300D2DF8F /* CustomButton.swift in Sources */,
				961FA41F2A8B85C300D2DF8F /* CaringCollectionViewController.swift in Sources */,
				961FA4022A8B859300D2DF8F /* TaskItem.swift in Sources */,
				961FA4192A8B85C300D2DF8F /* PopoverViewController.swift in Sources */,
				961FA4182A8B85C300D2DF8F /* CompactControllerViewController.swift in Sources */,
				961FA41E2A8B85C300D2DF8F /* StretchingPictureViewController.swift in Sources */,
				961FA41D2A8B85C300D2DF8F /* InertialSquareViewController.swift in Sources */,
			);
			runOnlyForDeploymentPostprocessing = 0;
		};
/* End PBXSourcesBuildPhase section */

/* Begin PBXVariantGroup section */
		9665248E2A890D2700F17F24 /* LaunchScreen.storyboard */ = {
			isa = PBXVariantGroup;
			children = (
				9665248F2A890D2700F17F24 /* Base */,
			);
			name = LaunchScreen.storyboard;
			sourceTree = "<group>";
		};
/* End PBXVariantGroup section */

/* Begin XCBuildConfiguration section */
		966524922A890D2700F17F24 /* Debug */ = {
			isa = XCBuildConfiguration;
			buildSettings = {
				ALWAYS_SEARCH_USER_PATHS = NO;
				CLANG_ANALYZER_NONNULL = YES;
				CLANG_ANALYZER_NUMBER_OBJECT_CONVERSION = YES_AGGRESSIVE;
				CLANG_CXX_LANGUAGE_STANDARD = "gnu++20";
				CLANG_ENABLE_MODULES = YES;
				CLANG_ENABLE_OBJC_ARC = YES;
				CLANG_ENABLE_OBJC_WEAK = YES;
				CLANG_WARN_BLOCK_CAPTURE_AUTORELEASING = YES;
				CLANG_WARN_BOOL_CONVERSION = YES;
				CLANG_WARN_COMMA = YES;
				CLANG_WARN_CONSTANT_CONVERSION = YES;
				CLANG_WARN_DEPRECATED_OBJC_IMPLEMENTATIONS = YES;
				CLANG_WARN_DIRECT_OBJC_ISA_USAGE = YES_ERROR;
				CLANG_WARN_DOCUMENTATION_COMMENTS = YES;
				CLANG_WARN_EMPTY_BODY = YES;
				CLANG_WARN_ENUM_CONVERSION = YES;
				CLANG_WARN_INFINITE_RECURSION = YES;
				CLANG_WARN_INT_CONVERSION = YES;
				CLANG_WARN_NON_LITERAL_NULL_CONVERSION = YES;
				CLANG_WARN_OBJC_IMPLICIT_RETAIN_SELF = YES;
				CLANG_WARN_OBJC_LITERAL_CONVERSION = YES;
				CLANG_WARN_OBJC_ROOT_CLASS = YES_ERROR;
				CLANG_WARN_QUOTED_INCLUDE_IN_FRAMEWORK_HEADER = YES;
				CLANG_WARN_RANGE_LOOP_ANALYSIS = YES;
				CLANG_WARN_STRICT_PROTOTYPES = YES;
				CLANG_WARN_SUSPICIOUS_MOVE = YES;
				CLANG_WARN_UNGUARDED_AVAILABILITY = YES_AGGRESSIVE;
				CLANG_WARN_UNREACHABLE_CODE = YES;
				CLANG_WARN__DUPLICATE_METHOD_MATCH = YES;
				COPY_PHASE_STRIP = NO;
				DEBUG_INFORMATION_FORMAT = dwarf;
				ENABLE_STRICT_OBJC_MSGSEND = YES;
				ENABLE_TESTABILITY = YES;
				GCC_C_LANGUAGE_STANDARD = gnu11;
				GCC_DYNAMIC_NO_PIC = NO;
				GCC_NO_COMMON_BLOCKS = YES;
				GCC_OPTIMIZATION_LEVEL = 0;
				GCC_PREPROCESSOR_DEFINITIONS = (
					"DEBUG=1",
					"$(inherited)",
				);
				GCC_WARN_64_TO_32_BIT_CONVERSION = YES;
				GCC_WARN_ABOUT_RETURN_TYPE = YES_ERROR;
				GCC_WARN_UNDECLARED_SELECTOR = YES;
				GCC_WARN_UNINITIALIZED_AUTOS = YES_AGGRESSIVE;
				GCC_WARN_UNUSED_FUNCTION = YES;
				GCC_WARN_UNUSED_VARIABLE = YES;
				IPHONEOS_DEPLOYMENT_TARGET = 16.1;
				MTL_ENABLE_DEBUG_INFO = INCLUDE_SOURCE;
				MTL_FAST_MATH = YES;
				ONLY_ACTIVE_ARCH = YES;
				SDKROOT = iphoneos;
				SWIFT_ACTIVE_COMPILATION_CONDITIONS = DEBUG;
				SWIFT_OPTIMIZATION_LEVEL = "-Onone";
			};
			name = Debug;
		};
		966524932A890D2700F17F24 /* Release */ = {
			isa = XCBuildConfiguration;
			buildSettings = {
				ALWAYS_SEARCH_USER_PATHS = NO;
				CLANG_ANALYZER_NONNULL = YES;
				CLANG_ANALYZER_NUMBER_OBJECT_CONVERSION = YES_AGGRESSIVE;
				CLANG_CXX_LANGUAGE_STANDARD = "gnu++20";
				CLANG_ENABLE_MODULES = YES;
				CLANG_ENABLE_OBJC_ARC = YES;
				CLANG_ENABLE_OBJC_WEAK = YES;
				CLANG_WARN_BLOCK_CAPTURE_AUTORELEASING = YES;
				CLANG_WARN_BOOL_CONVERSION = YES;
				CLANG_WARN_COMMA = YES;
				CLANG_WARN_CONSTANT_CONVERSION = YES;
				CLANG_WARN_DEPRECATED_OBJC_IMPLEMENTATIONS = YES;
				CLANG_WARN_DIRECT_OBJC_ISA_USAGE = YES_ERROR;
				CLANG_WARN_DOCUMENTATION_COMMENTS = YES;
				CLANG_WARN_EMPTY_BODY = YES;
				CLANG_WARN_ENUM_CONVERSION = YES;
				CLANG_WARN_INFINITE_RECURSION = YES;
				CLANG_WARN_INT_CONVERSION = YES;
				CLANG_WARN_NON_LITERAL_NULL_CONVERSION = YES;
				CLANG_WARN_OBJC_IMPLICIT_RETAIN_SELF = YES;
				CLANG_WARN_OBJC_LITERAL_CONVERSION = YES;
				CLANG_WARN_OBJC_ROOT_CLASS = YES_ERROR;
				CLANG_WARN_QUOTED_INCLUDE_IN_FRAMEWORK_HEADER = YES;
				CLANG_WARN_RANGE_LOOP_ANALYSIS = YES;
				CLANG_WARN_STRICT_PROTOTYPES = YES;
				CLANG_WARN_SUSPICIOUS_MOVE = YES;
				CLANG_WARN_UNGUARDED_AVAILABILITY = YES_AGGRESSIVE;
				CLANG_WARN_UNREACHABLE_CODE = YES;
				CLANG_WARN__DUPLICATE_METHOD_MATCH = YES;
				COPY_PHASE_STRIP = NO;
				DEBUG_INFORMATION_FORMAT = "dwarf-with-dsym";
				ENABLE_NS_ASSERTIONS = NO;
				ENABLE_STRICT_OBJC_MSGSEND = YES;
				GCC_C_LANGUAGE_STANDARD = gnu11;
				GCC_NO_COMMON_BLOCKS = YES;
				GCC_WARN_64_TO_32_BIT_CONVERSION = YES;
				GCC_WARN_ABOUT_RETURN_TYPE = YES_ERROR;
				GCC_WARN_UNDECLARED_SELECTOR = YES;
				GCC_WARN_UNINITIALIZED_AUTOS = YES_AGGRESSIVE;
				GCC_WARN_UNUSED_FUNCTION = YES;
				GCC_WARN_UNUSED_VARIABLE = YES;
				IPHONEOS_DEPLOYMENT_TARGET = 16.1;
				MTL_ENABLE_DEBUG_INFO = NO;
				MTL_FAST_MATH = YES;
				SDKROOT = iphoneos;
				SWIFT_COMPILATION_MODE = wholemodule;
				SWIFT_OPTIMIZATION_LEVEL = "-O";
				VALIDATE_PRODUCT = YES;
			};
			name = Release;
		};
		966524952A890D2700F17F24 /* Debug */ = {
			isa = XCBuildConfiguration;
			buildSettings = {
				ASSETCATALOG_COMPILER_APPICON_NAME = AppIcon;
				ASSETCATALOG_COMPILER_GLOBAL_ACCENT_COLOR_NAME = AccentColor;
				CODE_SIGN_STYLE = Automatic;
				CURRENT_PROJECT_VERSION = 1;
				DEVELOPMENT_TEAM = NPBX2CN8BR;
				GENERATE_INFOPLIST_FILE = YES;
				INFOPLIST_FILE = "UIKit-Marathon/Info.plist";
				INFOPLIST_KEY_UIApplicationSupportsIndirectInputEvents = YES;
				INFOPLIST_KEY_UILaunchStoryboardName = LaunchScreen;
				INFOPLIST_KEY_UISupportedInterfaceOrientations_iPad = "UIInterfaceOrientationPortrait UIInterfaceOrientationPortraitUpsideDown UIInterfaceOrientationLandscapeLeft UIInterfaceOrientationLandscapeRight";
				INFOPLIST_KEY_UISupportedInterfaceOrientations_iPhone = "UIInterfaceOrientationPortrait UIInterfaceOrientationLandscapeLeft UIInterfaceOrientationLandscapeRight";
				LD_RUNPATH_SEARCH_PATHS = (
					"$(inherited)",
					"@executable_path/Frameworks",
				);
				MARKETING_VERSION = 1.0;
				PRODUCT_BUNDLE_IDENTIFIER = "com.masnumberone.UIKit-Marathon";
				PRODUCT_NAME = "$(TARGET_NAME)";
				SWIFT_EMIT_LOC_STRINGS = YES;
				SWIFT_VERSION = 5.0;
				TARGETED_DEVICE_FAMILY = "1,2";
			};
			name = Debug;
		};
		966524962A890D2700F17F24 /* Release */ = {
			isa = XCBuildConfiguration;
			buildSettings = {
				ASSETCATALOG_COMPILER_APPICON_NAME = AppIcon;
				ASSETCATALOG_COMPILER_GLOBAL_ACCENT_COLOR_NAME = AccentColor;
				CODE_SIGN_STYLE = Automatic;
				CURRENT_PROJECT_VERSION = 1;
				DEVELOPMENT_TEAM = NPBX2CN8BR;
				GENERATE_INFOPLIST_FILE = YES;
				INFOPLIST_FILE = "UIKit-Marathon/Info.plist";
				INFOPLIST_KEY_UIApplicationSupportsIndirectInputEvents = YES;
				INFOPLIST_KEY_UILaunchStoryboardName = LaunchScreen;
				INFOPLIST_KEY_UISupportedInterfaceOrientations_iPad = "UIInterfaceOrientationPortrait UIInterfaceOrientationPortraitUpsideDown UIInterfaceOrientationLandscapeLeft UIInterfaceOrientationLandscapeRight";
				INFOPLIST_KEY_UISupportedInterfaceOrientations_iPhone = "UIInterfaceOrientationPortrait UIInterfaceOrientationLandscapeLeft UIInterfaceOrientationLandscapeRight";
				LD_RUNPATH_SEARCH_PATHS = (
					"$(inherited)",
					"@executable_path/Frameworks",
				);
				MARKETING_VERSION = 1.0;
				PRODUCT_BUNDLE_IDENTIFIER = "com.masnumberone.UIKit-Marathon";
				PRODUCT_NAME = "$(TARGET_NAME)";
				SWIFT_EMIT_LOC_STRINGS = YES;
				SWIFT_VERSION = 5.0;
				TARGETED_DEVICE_FAMILY = "1,2";
			};
			name = Release;
		};
/* End XCBuildConfiguration section */

/* Begin XCConfigurationList section */
		9665247B2A890D2500F17F24 /* Build configuration list for PBXProject "UIKit-Marathon" */ = {
			isa = XCConfigurationList;
			buildConfigurations = (
				966524922A890D2700F17F24 /* Debug */,
				966524932A890D2700F17F24 /* Release */,
			);
			defaultConfigurationIsVisible = 0;
			defaultConfigurationName = Release;
		};
		966524942A890D2700F17F24 /* Build configuration list for PBXNativeTarget "UIKit-Marathon" */ = {
			isa = XCConfigurationList;
			buildConfigurations = (
				966524952A890D2700F17F24 /* Debug */,
				966524962A890D2700F17F24 /* Release */,
			);
			defaultConfigurationIsVisible = 0;
			defaultConfigurationName = Release;
		};
/* End XCConfigurationList section */
	};
	rootObject = 966524782A890D2500F17F24 /* Project object */;
}
